
Microsoft Visual Studio Solution File, Format Version 12.00
# Visual Studio Version 17
VisualStudioVersion = 17.3.32929.385
MinimumVisualStudioVersion = 10.0.40219.1
Project("{FAE04EC0-301F-11D3-BF4B-00C04F79EFBC}") = "TodoApi", "TodoApi\TodoApi.csproj", "{828DA958-3A2F-4E53-B8AF-C19649CFB057}"
EndProject
Global
	GlobalSection(SolutionConfigurationPlatforms) = preSolution
		Debug|Any CPU = Debug|Any CPU
		Release|Any CPU = Release|Any CPU
	EndGlobalSection
	GlobalSection(ProjectConfigurationPlatforms) = postSolution
		{828DA958-3A2F-4E53-B8AF-C19649CFB057}.Debug|Any CPU.ActiveCfg = Debug|Any CPU
		{828DA958-3A2F-4E53-B8AF-C19649CFB057}.Debug|Any CPU.Build.0 = Debug|Any CPU
		{828DA958-3A2F-4E53-B8AF-C19649CFB057}.Release|Any CPU.ActiveCfg = Release|Any CPU
		{828DA958-3A2F-4E53-B8AF-C19649CFB057}.Release|Any CPU.Build.0 = Release|Any CPU
	EndGlobalSection
	GlobalSection(SolutionProperties) = preSolution
		HideSolutionNode = FALSE
	EndGlobalSection
	GlobalSection(ExtensibilityGlobals) = postSolution
		SolutionGuid = {84B6ADB5-9449-4AA8-A3E0-113D59860290}
	EndGlobalSection
EndGlobal
